
Microsoft Visual Studio Solution File, Format Version 12.00
# Visual Studio 2013
VisualStudioVersion = 12.0.30501.0
MinimumVisualStudioVersion = 10.0.40219.1
Project("{2150E333-8FDC-42A3-9474-1A3956D46DE8}") = "Solution Items", "Solution Items", "{34D2D4F1-5838-4261-ACD9-4CFAC38982D6}"
	ProjectSection(SolutionItems) = preProject
		index.html = index.html
	EndProjectSection
EndProject
Project("{2150E333-8FDC-42A3-9474-1A3956D46DE8}") = "Scripts", "Scripts", "{C8F6CF5E-8736-466D-88EA-7D6C07191EB7}"
	ProjectSection(SolutionItems) = preProject
		scripts\app.js = scripts\app.js
	EndProjectSection
EndProject
Project("{2150E333-8FDC-42A3-9474-1A3956D46DE8}") = "controllers", "controllers", "{248190FF-0D43-4F12-B802-CE622A322D83}"
	ProjectSection(SolutionItems) = preProject
		scripts\controllers\main.js = scripts\controllers\main.js
		scripts\controllers\productlistcontrollers.js = scripts\controllers\productlistcontrollers.js
	EndProjectSection
EndProject
Project("{2150E333-8FDC-42A3-9474-1A3956D46DE8}") = "views", "views", "{38DBB53B-7278-4E6E-A9F0-C246151A7929}"
	ProjectSection(SolutionItems) = preProject
		views\main.html = views\main.html
	EndProjectSection
EndProject
Project("{2150E333-8FDC-42A3-9474-1A3956D46DE8}") = "styles", "styles", "{AF07FA60-2626-454B-93FD-064BBA66F941}"
	ProjectSection(SolutionItems) = preProject
		styles\main.css = styles\main.css
	EndProjectSection
EndProject
Project("{2150E333-8FDC-42A3-9474-1A3956D46DE8}") = "images", "images", "{77444FB0-C214-45C3-B6D4-3504E5BD5527}"
	ProjectSection(SolutionItems) = preProject
		images\yeoman.png = images\yeoman.png
	EndProjectSection
EndProject
Project("{FAE04EC0-301F-11D3-BF4B-00C04F79EFBC}") = "Backend", "..\Backend\Backend.csproj", "{397CD98F-C295-4826-ABB5-7B2E4350A743}"
EndProject
Project("{2150E333-8FDC-42A3-9474-1A3956D46DE8}") = "filters", "filters", "{C9035D42-F9E1-4E53-8F62-463D07364BBF}"
	ProjectSection(SolutionItems) = preProject
		scripts\filters\customfilter.js = scripts\filters\customfilter.js
	EndProjectSection
EndProject
Global
	GlobalSection(SolutionConfigurationPlatforms) = preSolution
		Debug|Any CPU = Debug|Any CPU
		Release|Any CPU = Release|Any CPU
	EndGlobalSection
	GlobalSection(ProjectConfigurationPlatforms) = postSolution
		{397CD98F-C295-4826-ABB5-7B2E4350A743}.Debug|Any CPU.ActiveCfg = Debug|Any CPU
		{397CD98F-C295-4826-ABB5-7B2E4350A743}.Debug|Any CPU.Build.0 = Debug|Any CPU
		{397CD98F-C295-4826-ABB5-7B2E4350A743}.Release|Any CPU.ActiveCfg = Release|Any CPU
		{397CD98F-C295-4826-ABB5-7B2E4350A743}.Release|Any CPU.Build.0 = Release|Any CPU
	EndGlobalSection
	GlobalSection(SolutionProperties) = preSolution
		HideSolutionNode = FALSE
	EndGlobalSection
	GlobalSection(NestedProjects) = preSolution
		{C8F6CF5E-8736-466D-88EA-7D6C07191EB7} = {34D2D4F1-5838-4261-ACD9-4CFAC38982D6}
		{248190FF-0D43-4F12-B802-CE622A322D83} = {C8F6CF5E-8736-466D-88EA-7D6C07191EB7}
		{38DBB53B-7278-4E6E-A9F0-C246151A7929} = {34D2D4F1-5838-4261-ACD9-4CFAC38982D6}
		{AF07FA60-2626-454B-93FD-064BBA66F941} = {34D2D4F1-5838-4261-ACD9-4CFAC38982D6}
		{77444FB0-C214-45C3-B6D4-3504E5BD5527} = {34D2D4F1-5838-4261-ACD9-4CFAC38982D6}
		{C9035D42-F9E1-4E53-8F62-463D07364BBF} = {C8F6CF5E-8736-466D-88EA-7D6C07191EB7}
	EndGlobalSection
EndGlobal
